// !$*UTF8*$!
{
	archiveVersion = 1;
	classes = {
	};
	objectVersion = 77;
	objects = {

/* Begin PBXBuildFile section */
		72025F802D1A36B6007FEFD2 /* Splash.swift in Sources */ = {isa = PBXBuildFile; fileRef = 72025F7F2D1A36B6007FEFD2 /* Splash.swift */; };
		72025F952D1A37CC007FEFD2 /* ListCads.swift in Sources */ = {isa = PBXBuildFile; fileRef = 72025F942D1A37B6007FEFD2 /* ListCads.swift */; };
/* End PBXBuildFile section */

/* Begin PBXContainerItemProxy section */
		72025F392D1A3653007FEFD2 /* PBXContainerItemProxy */ = {
			isa = PBXContainerItemProxy;
			containerPortal = 72025F202D1A3652007FEFD2 /* Project object */;
			proxyType = 1;
			remoteGlobalIDString = 72025F272D1A3652007FEFD2;
			remoteInfo = DisabilityApp;
		};
		72025F432D1A3653007FEFD2 /* PBXContainerItemProxy */ = {
			isa = PBXContainerItemProxy;
			containerPortal = 72025F202D1A3652007FEFD2 /* Project object */;
			proxyType = 1;
			remoteGlobalIDString = 72025F272D1A3652007FEFD2;
			remoteInfo = DisabilityApp;
		};
/* End PBXContainerItemProxy section */

/* Begin PBXFileReference section */
		72025F282D1A3652007FEFD2 /* DisabilityApp.app */ = {isa = PBXFileReference; explicitFileType = wrapper.application; includeInIndex = 0; path = DisabilityApp.app; sourceTree = BUILT_PRODUCTS_DIR; };
		72025F382D1A3653007FEFD2 /* DisabilityAppTests.xctest */ = {isa = PBXFileReference; explicitFileType = wrapper.cfbundle; includeInIndex = 0; path = DisabilityAppTests.xctest; sourceTree = BUILT_PRODUCTS_DIR; };
		72025F422D1A3653007FEFD2 /* DisabilityAppUITests.xctest */ = {isa = PBXFileReference; explicitFileType = wrapper.cfbundle; includeInIndex = 0; path = DisabilityAppUITests.xctest; sourceTree = BUILT_PRODUCTS_DIR; };
		72025F7F2D1A36B6007FEFD2 /* Splash.swift */ = {isa = PBXFileReference; lastKnownFileType = sourcecode.swift; path = Splash.swift; sourceTree = "<group>"; };
		72025F942D1A37B6007FEFD2 /* ListCads.swift */ = {isa = PBXFileReference; lastKnownFileType = sourcecode.swift; path = ListCads.swift; sourceTree = "<group>"; };
/* End PBXFileReference section */

/* Begin PBXFileSystemSynchronizedRootGroup section */
		72025F2A2D1A3652007FEFD2 /* DisabilityApp */ = {
			isa = PBXFileSystemSynchronizedRootGroup;
			path = DisabilityApp;
			sourceTree = "<group>";
		};
		72025F3B2D1A3653007FEFD2 /* DisabilityAppTests */ = {
			isa = PBXFileSystemSynchronizedRootGroup;
			path = DisabilityAppTests;
			sourceTree = "<group>";
		};
		72025F452D1A3653007FEFD2 /* DisabilityAppUITests */ = {
			isa = PBXFileSystemSynchronizedRootGroup;
			path = DisabilityAppUITests;
			sourceTree = "<group>";
		};
		72025F812D1A36C9007FEFD2 /* Model */ = {
			isa = PBXFileSystemSynchronizedRootGroup;
			path = Model;
			sourceTree = "<group>";
		};
		72025F822D1A36D5007FEFD2 /* ViewModel */ = {
			isa = PBXFileSystemSynchronizedRootGroup;
			path = ViewModel;
			sourceTree = "<group>";
		};
		72025F832D1A36E6007FEFD2 /* View */ = {
			isa = PBXFileSystemSynchronizedRootGroup;
			path = View;
			sourceTree = "<group>";
		};
/* End PBXFileSystemSynchronizedRootGroup section */

/* Begin PBXFrameworksBuildPhase section */
		72025F252D1A3652007FEFD2 /* Frameworks */ = {
			isa = PBXFrameworksBuildPhase;
			buildActionMask = 2147483647;
			files = (
			);
			runOnlyForDeploymentPostprocessing = 0;
		};
		72025F352D1A3653007FEFD2 /* Frameworks */ = {
			isa = PBXFrameworksBuildPhase;
			buildActionMask = 2147483647;
			files = (
			);
			runOnlyForDeploymentPostprocessing = 0;
		};
		72025F3F2D1A3653007FEFD2 /* Frameworks */ = {
			isa = PBXFrameworksBuildPhase;
			buildActionMask = 2147483647;
			files = (
			);
			runOnlyForDeploymentPostprocessing = 0;
		};
/* End PBXFrameworksBuildPhase section */

/* Begin PBXGroup section */
		72025F1F2D1A3652007FEFD2 = {
			isa = PBXGroup;
			children = (
				72025F942D1A37B6007FEFD2 /* ListCads.swift */,
				72025F7F2D1A36B6007FEFD2 /* Splash.swift */,
				72025F832D1A36E6007FEFD2 /* View */,
				72025F822D1A36D5007FEFD2 /* ViewModel */,
				72025F812D1A36C9007FEFD2 /* Model */,
				72025F2A2D1A3652007FEFD2 /* DisabilityApp */,
				72025F3B2D1A3653007FEFD2 /* DisabilityAppTests */,
				72025F452D1A3653007FEFD2 /* DisabilityAppUITests */,
				72025F292D1A3652007FEFD2 /* Products */,
			);
			sourceTree = "<group>";
		};
		72025F292D1A3652007FEFD2 /* Products */ = {
			isa = PBXGroup;
			children = (
				72025F282D1A3652007FEFD2 /* DisabilityApp.app */,
				72025F382D1A3653007FEFD2 /* DisabilityAppTests.xctest */,
				72025F422D1A3653007FEFD2 /* DisabilityAppUITests.xctest */,
			);
			name = Products;
			sourceTree = "<group>";
		};
/* End PBXGroup section */

/* Begin PBXNativeTarget section */
		72025F272D1A3652007FEFD2 /* DisabilityApp */ = {
			isa = PBXNativeTarget;
			buildConfigurationList = 72025F4C2D1A3653007FEFD2 /* Build configuration list for PBXNativeTarget "DisabilityApp" */;
			buildPhases = (
				72025F242D1A3652007FEFD2 /* Sources */,
				72025F252D1A3652007FEFD2 /* Frameworks */,
				72025F262D1A3652007FEFD2 /* Resources */,
			);
			buildRules = (
			);
			dependencies = (
			);
			fileSystemSynchronizedGroups = (
				72025F2A2D1A3652007FEFD2 /* DisabilityApp */,
				72025F812D1A36C9007FEFD2 /* Model */,
				72025F822D1A36D5007FEFD2 /* ViewModel */,
				72025F832D1A36E6007FEFD2 /* View */,
			);
			name = DisabilityApp;
			packageProductDependencies = (
			);
			productName = DisabilityApp;
			productReference = 72025F282D1A3652007FEFD2 /* DisabilityApp.app */;
			productType = "com.apple.product-type.application";
		};
		72025F372D1A3653007FEFD2 /* DisabilityAppTests */ = {
			isa = PBXNativeTarget;
			buildConfigurationList = 72025F4F2D1A3653007FEFD2 /* Build configuration list for PBXNativeTarget "DisabilityAppTests" */;
			buildPhases = (
				72025F342D1A3653007FEFD2 /* Sources */,
				72025F352D1A3653007FEFD2 /* Frameworks */,
				72025F362D1A3653007FEFD2 /* Resources */,
			);
			buildRules = (
			);
			dependencies = (
				72025F3A2D1A3653007FEFD2 /* PBXTargetDependency */,
			);
			fileSystemSynchronizedGroups = (
				72025F3B2D1A3653007FEFD2 /* DisabilityAppTests */,
			);
			name = DisabilityAppTests;
			packageProductDependencies = (
			);
			productName = DisabilityAppTests;
			productReference = 72025F382D1A3653007FEFD2 /* DisabilityAppTests.xctest */;
			productType = "com.apple.product-type.bundle.unit-test";
		};
		72025F412D1A3653007FEFD2 /* DisabilityAppUITests */ = {
			isa = PBXNativeTarget;
			buildConfigurationList = 72025F522D1A3653007FEFD2 /* Build configuration list for PBXNativeTarget "DisabilityAppUITests" */;
			buildPhases = (
				72025F3E2D1A3653007FEFD2 /* Sources */,
				72025F3F2D1A3653007FEFD2 /* Frameworks */,
				72025F402D1A3653007FEFD2 /* Resources */,
			);
			buildRules = (
			);
			dependencies = (
				72025F442D1A3653007FEFD2 /* PBXTargetDependency */,
			);
			fileSystemSynchronizedGroups = (
				72025F452D1A3653007FEFD2 /* DisabilityAppUITests */,
			);
			name = DisabilityAppUITests;
			packageProductDependencies = (
			);
			productName = DisabilityAppUITests;
			productReference = 72025F422D1A3653007FEFD2 /* DisabilityAppUITests.xctest */;
			productType = "com.apple.product-type.bundle.ui-testing";
		};
/* End PBXNativeTarget section */

/* Begin PBXProject section */
		72025F202D1A3652007FEFD2 /* Project object */ = {
			isa = PBXProject;
			attributes = {
				BuildIndependentTargetsInParallel = 1;
				LastSwiftUpdateCheck = 1610;
				LastUpgradeCheck = 1610;
				TargetAttributes = {
					72025F272D1A3652007FEFD2 = {
						CreatedOnToolsVersion = 16.1;
					};
					72025F372D1A3653007FEFD2 = {
						CreatedOnToolsVersion = 16.1;
						TestTargetID = 72025F272D1A3652007FEFD2;
					};
					72025F412D1A3653007FEFD2 = {
						CreatedOnToolsVersion = 16.1;
						TestTargetID = 72025F272D1A3652007FEFD2;
					};
				};
			};
			buildConfigurationList = 72025F232D1A3652007FEFD2 /* Build configuration list for PBXProject "DisabilityApp" */;
			developmentRegion = en;
			hasScannedForEncodings = 0;
			knownRegions = (
				en,
				Base,
			);
			mainGroup = 72025F1F2D1A3652007FEFD2;
			minimizedProjectReferenceProxies = 1;
			preferredProjectObjectVersion = 77;
			productRefGroup = 72025F292D1A3652007FEFD2 /* Products */;
			projectDirPath = "";
			projectRoot = "";
			targets = (
				72025F272D1A3652007FEFD2 /* DisabilityApp */,
				72025F372D1A3653007FEFD2 /* DisabilityAppTests */,
				72025F412D1A3653007FEFD2 /* DisabilityAppUITests */,
			);
		};
/* End PBXProject section */

/* Begin PBXResourcesBuildPhase section */
		72025F262D1A3652007FEFD2 /* Resources */ = {
			isa = PBXResourcesBuildPhase;
			buildActionMask = 2147483647;
			files = (
			);
			runOnlyForDeploymentPostprocessing = 0;
		};
		72025F362D1A3653007FEFD2 /* Resources */ = {
			isa = PBXResourcesBuildPhase;
			buildActionMask = 2147483647;
			files = (
			);
			runOnlyForDeploymentPostprocessing = 0;
		};
		72025F402D1A3653007FEFD2 /* Resources */ = {
			isa = PBXResourcesBuildPhase;
			buildActionMask = 2147483647;
			files = (
			);
			runOnlyForDeploymentPostprocessing = 0;
		};
/* End PBXResourcesBuildPhase section */

/* Begin PBXSourcesBuildPhase section */
		72025F242D1A3652007FEFD2 /* Sources */ = {
			isa = PBXSourcesBuildPhase;
			buildActionMask = 2147483647;
			files = (
				72025F802D1A36B6007FEFD2 /* Splash.swift in Sources */,
				72025F952D1A37CC007FEFD2 /* ListCads.swift in Sources */,
			);
			runOnlyForDeploymentPostprocessing = 0;
		};
		72025F342D1A3653007FEFD2 /* Sources */ = {
			isa = PBXSourcesBuildPhase;
			buildActionMask = 2147483647;
			files = (
			);
			runOnlyForDeploymentPostprocessing = 0;
		};
		72025F3E2D1A3653007FEFD2 /* Sources */ = {
			isa = PBXSourcesBuildPhase;
			buildActionMask = 2147483647;
			files = (
			);
			runOnlyForDeploymentPostprocessing = 0;
		};
/* End PBXSourcesBuildPhase section */

/* Begin PBXTargetDependency section */
		72025F3A2D1A3653007FEFD2 /* PBXTargetDependency */ = {
			isa = PBXTargetDependency;
			target = 72025F272D1A3652007FEFD2 /* DisabilityApp */;
			targetProxy = 72025F392D1A3653007FEFD2 /* PBXContainerItemProxy */;
		};
		72025F442D1A3653007FEFD2 /* PBXTargetDependency */ = {
			isa = PBXTargetDependency;
			target = 72025F272D1A3652007FEFD2 /* DisabilityApp */;
			targetProxy = 72025F432D1A3653007FEFD2 /* PBXContainerItemProxy */;
		};
/* End PBXTargetDependency section */

/* Begin XCBuildConfiguration section */
		72025F4A2D1A3653007FEFD2 /* Debug */ = {
			isa = XCBuildConfiguration;
			buildSettings = {
				ALWAYS_SEARCH_USER_PATHS = NO;
				ASSETCATALOG_COMPILER_GENERATE_SWIFT_ASSET_SYMBOL_EXTENSIONS = YES;
				CLANG_ANALYZER_NONNULL = YES;
				CLANG_ANALYZER_NUMBER_OBJECT_CONVERSION = YES_AGGRESSIVE;
				CLANG_CXX_LANGUAGE_STANDARD = "gnu++20";
				CLANG_ENABLE_MODULES = YES;
				CLANG_ENABLE_OBJC_ARC = YES;
				CLANG_ENABLE_OBJC_WEAK = YES;
				CLANG_WARN_BLOCK_CAPTURE_AUTORELEASING = YES;
				CLANG_WARN_BOOL_CONVERSION = YES;
				CLANG_WARN_COMMA = YES;
				CLANG_WARN_CONSTANT_CONVERSION = YES;
				CLANG_WARN_DEPRECATED_OBJC_IMPLEMENTATIONS = YES;
				CLANG_WARN_DIRECT_OBJC_ISA_USAGE = YES_ERROR;
				CLANG_WARN_DOCUMENTATION_COMMENTS = YES;
				CLANG_WARN_EMPTY_BODY = YES;
				CLANG_WARN_ENUM_CONVERSION = YES;
				CLANG_WARN_INFINITE_RECURSION = YES;
				CLANG_WARN_INT_CONVERSION = YES;
				CLANG_WARN_NON_LITERAL_NULL_CONVERSION = YES;
				CLANG_WARN_OBJC_IMPLICIT_RETAIN_SELF = YES;
				CLANG_WARN_OBJC_LITERAL_CONVERSION = YES;
				CLANG_WARN_OBJC_ROOT_CLASS = YES_ERROR;
				CLANG_WARN_QUOTED_INCLUDE_IN_FRAMEWORK_HEADER = YES;
				CLANG_WARN_RANGE_LOOP_ANALYSIS = YES;
				CLANG_WARN_STRICT_PROTOTYPES = YES;
				CLANG_WARN_SUSPICIOUS_MOVE = YES;
				CLANG_WARN_UNGUARDED_AVAILABILITY = YES_AGGRESSIVE;
				CLANG_WARN_UNREACHABLE_CODE = YES;
				CLANG_WARN__DUPLICATE_METHOD_MATCH = YES;
				COPY_PHASE_STRIP = NO;
				DEBUG_INFORMATION_FORMAT = dwarf;
				ENABLE_STRICT_OBJC_MSGSEND = YES;
				ENABLE_TESTABILITY = YES;
				ENABLE_USER_SCRIPT_SANDBOXING = YES;
				GCC_C_LANGUAGE_STANDARD = gnu17;
				GCC_DYNAMIC_NO_PIC = NO;
				GCC_NO_COMMON_BLOCKS = YES;
				GCC_OPTIMIZATION_LEVEL = 0;
				GCC_PREPROCESSOR_DEFINITIONS = (
					"DEBUG=1",
					"$(inherited)",
				);
				GCC_WARN_64_TO_32_BIT_CONVERSION = YES;
				GCC_WARN_ABOUT_RETURN_TYPE = YES_ERROR;
				GCC_WARN_UNDECLARED_SELECTOR = YES;
				GCC_WARN_UNINITIALIZED_AUTOS = YES_AGGRESSIVE;
				GCC_WARN_UNUSED_FUNCTION = YES;
				GCC_WARN_UNUSED_VARIABLE = YES;
				IPHONEOS_DEPLOYMENT_TARGET = 18.1;
				LOCALIZATION_PREFERS_STRING_CATALOGS = YES;
				MTL_ENABLE_DEBUG_INFO = INCLUDE_SOURCE;
				MTL_FAST_MATH = YES;
				ONLY_ACTIVE_ARCH = YES;
				SDKROOT = iphoneos;
				SWIFT_ACTIVE_COMPILATION_CONDITIONS = "DEBUG $(inherited)";
				SWIFT_OPTIMIZATION_LEVEL = "-Onone";
			};
			name = Debug;
		};
		72025F4B2D1A3653007FEFD2 /* Release */ = {
			isa = XCBuildConfiguration;
			buildSettings = {
				ALWAYS_SEARCH_USER_PATHS = NO;
				ASSETCATALOG_COMPILER_GENERATE_SWIFT_ASSET_SYMBOL_EXTENSIONS = YES;
				CLANG_ANALYZER_NONNULL = YES;
				CLANG_ANALYZER_NUMBER_OBJECT_CONVERSION = YES_AGGRESSIVE;
				CLANG_CXX_LANGUAGE_STANDARD = "gnu++20";
				CLANG_ENABLE_MODULES = YES;
				CLANG_ENABLE_OBJC_ARC = YES;
				CLANG_ENABLE_OBJC_WEAK = YES;
				CLANG_WARN_BLOCK_CAPTURE_AUTORELEASING = YES;
				CLANG_WARN_BOOL_CONVERSION = YES;
				CLANG_WARN_COMMA = YES;
				CLANG_WARN_CONSTANT_CONVERSION = YES;
				CLANG_WARN_DEPRECATED_OBJC_IMPLEMENTATIONS = YES;
				CLANG_WARN_DIRECT_OBJC_ISA_USAGE = YES_ERROR;
				CLANG_WARN_DOCUMENTATION_COMMENTS = YES;
				CLANG_WARN_EMPTY_BODY = YES;
				CLANG_WARN_ENUM_CONVERSION = YES;
				CLANG_WARN_INFINITE_RECURSION = YES;
				CLANG_WARN_INT_CONVERSION = YES;
				CLANG_WARN_NON_LITERAL_NULL_CONVERSION = YES;
				CLANG_WARN_OBJC_IMPLICIT_RETAIN_SELF = YES;
				CLANG_WARN_OBJC_LITERAL_CONVERSION = YES;
				CLANG_WARN_OBJC_ROOT_CLASS = YES_ERROR;
				CLANG_WARN_QUOTED_INCLUDE_IN_FRAMEWORK_HEADER = YES;
				CLANG_WARN_RANGE_LOOP_ANALYSIS = YES;
				CLANG_WARN_STRICT_PROTOTYPES = YES;
				CLANG_WARN_SUSPICIOUS_MOVE = YES;
				CLANG_WARN_UNGUARDED_AVAILABILITY = YES_AGGRESSIVE;
				CLANG_WARN_UNREACHABLE_CODE = YES;
				CLANG_WARN__DUPLICATE_METHOD_MATCH = YES;
				COPY_PHASE_STRIP = NO;
				DEBUG_INFORMATION_FORMAT = "dwarf-with-dsym";
				ENABLE_NS_ASSERTIONS = NO;
				ENABLE_STRICT_OBJC_MSGSEND = YES;
				ENABLE_USER_SCRIPT_SANDBOXING = YES;
				GCC_C_LANGUAGE_STANDARD = gnu17;
				GCC_NO_COMMON_BLOCKS = YES;
				GCC_WARN_64_TO_32_BIT_CONVERSION = YES;
				GCC_WARN_ABOUT_RETURN_TYPE = YES_ERROR;
				GCC_WARN_UNDECLARED_SELECTOR = YES;
				GCC_WARN_UNINITIALIZED_AUTOS = YES_AGGRESSIVE;
				GCC_WARN_UNUSED_FUNCTION = YES;
				GCC_WARN_UNUSED_VARIABLE = YES;
				IPHONEOS_DEPLOYMENT_TARGET = 18.1;
				LOCALIZATION_PREFERS_STRING_CATALOGS = YES;
				MTL_ENABLE_DEBUG_INFO = NO;
				MTL_FAST_MATH = YES;
				SDKROOT = iphoneos;
				SWIFT_COMPILATION_MODE = wholemodule;
				VALIDATE_PRODUCT = YES;
			};
			name = Release;
		};
		72025F4D2D1A3653007FEFD2 /* Debug */ = {
			isa = XCBuildConfiguration;
			buildSettings = {
				ASSETCATALOG_COMPILER_APPICON_NAME = AppIcon;
				ASSETCATALOG_COMPILER_GLOBAL_ACCENT_COLOR_NAME = AccentColor;
				CODE_SIGN_STYLE = Automatic;
				CURRENT_PROJECT_VERSION = 1;
				DEVELOPMENT_ASSET_PATHS = "\"DisabilityApp/Preview Content\"";
				DEVELOPMENT_TEAM = 2YQ7W9QJQZ;
				ENABLE_PREVIEWS = YES;
				GENERATE_INFOPLIST_FILE = YES;
				INFOPLIST_KEY_UIApplicationSceneManifest_Generation = YES;
				INFOPLIST_KEY_UIApplicationSupportsIndirectInputEvents = YES;
				INFOPLIST_KEY_UILaunchScreen_Generation = YES;
				INFOPLIST_KEY_UISupportedInterfaceOrientations = UIInterfaceOrientationPortrait;
				INFOPLIST_KEY_UISupportedInterfaceOrientations_iPad = "UIInterfaceOrientationLandscapeLeft UIInterfaceOrientationLandscapeRight UIInterfaceOrientationPortrait UIInterfaceOrientationPortraitUpsideDown";
				LD_RUNPATH_SEARCH_PATHS = (
					"$(inherited)",
					"@executable_path/Frameworks",
				);
				MARKETING_VERSION = 1.0;
				PRODUCT_BUNDLE_IDENTIFIER = A.DisabilityApp;
				PRODUCT_NAME = "$(TARGET_NAME)";
				SWIFT_EMIT_LOC_STRINGS = YES;
				SWIFT_VERSION = 5.0;
				TARGETED_DEVICE_FAMILY = "1,2";
			};
			name = Debug;
		};
		72025F4E2D1A3653007FEFD2 /* Release */ = {
			isa = XCBuildConfiguration;
			buildSettings = {
				ASSETCATALOG_COMPILER_APPICON_NAME = AppIcon;
				ASSETCATALOG_COMPILER_GLOBAL_ACCENT_COLOR_NAME = AccentColor;
				CODE_SIGN_STYLE = Automatic;
				CURRENT_PROJECT_VERSION = 1;
				DEVELOPMENT_ASSET_PATHS = "\"DisabilityApp/Preview Content\"";
				DEVELOPMENT_TEAM = 2YQ7W9QJQZ;
				ENABLE_PREVIEWS = YES;
				GENERATE_INFOPLIST_FILE = YES;
				INFOPLIST_KEY_UIApplicationSceneManifest_Generation = YES;
				INFOPLIST_KEY_UIApplicationSupportsIndirectInputEvents = YES;
				INFOPLIST_KEY_UILaunchScreen_Generation = YES;
				INFOPLIST_KEY_UISupportedInterfaceOrientations = UIInterfaceOrientationPortrait;
				INFOPLIST_KEY_UISupportedInterfaceOrientations_iPad = "UIInterfaceOrientationLandscapeLeft UIInterfaceOrientationLandscapeRight UIInterfaceOrientationPortrait UIInterfaceOrientationPortraitUpsideDown";
				LD_RUNPATH_SEARCH_PATHS = (
					"$(inherited)",
					"@executable_path/Frameworks",
				);
				MARKETING_VERSION = 1.0;
				PRODUCT_BUNDLE_IDENTIFIER = A.DisabilityApp;
				PRODUCT_NAME = "$(TARGET_NAME)";
				SWIFT_EMIT_LOC_STRINGS = YES;
				SWIFT_VERSION = 5.0;
				TARGETED_DEVICE_FAMILY = "1,2";
			};
			name = Release;
		};
		72025F502D1A3653007FEFD2 /* Debug */ = {
			isa = XCBuildConfiguration;
			buildSettings = {
				BUNDLE_LOADER = "$(TEST_HOST)";
				CODE_SIGN_STYLE = Automatic;
				CURRENT_PROJECT_VERSION = 1;
				GENERATE_INFOPLIST_FILE = YES;
				IPHONEOS_DEPLOYMENT_TARGET = 18.1;
				MARKETING_VERSION = 1.0;
				PRODUCT_BUNDLE_IDENTIFIER = A.DisabilityAppTests;
				PRODUCT_NAME = "$(TARGET_NAME)";
				SWIFT_EMIT_LOC_STRINGS = NO;
				SWIFT_VERSION = 5.0;
				TARGETED_DEVICE_FAMILY = "1,2";
				TEST_HOST = "$(BUILT_PRODUCTS_DIR)/DisabilityApp.app/$(BUNDLE_EXECUTABLE_FOLDER_PATH)/DisabilityApp";
			};
			name = Debug;
		};
		72025F512D1A3653007FEFD2 /* Release */ = {
			isa = XCBuildConfiguration;
			buildSettings = {
				BUNDLE_LOADER = "$(TEST_HOST)";
				CODE_SIGN_STYLE = Automatic;
				CURRENT_PROJECT_VERSION = 1;
				GENERATE_INFOPLIST_FILE = YES;
				IPHONEOS_DEPLOYMENT_TARGET = 18.1;
				MARKETING_VERSION = 1.0;
				PRODUCT_BUNDLE_IDENTIFIER = A.DisabilityAppTests;
				PRODUCT_NAME = "$(TARGET_NAME)";
				SWIFT_EMIT_LOC_STRINGS = NO;
				SWIFT_VERSION = 5.0;
				TARGETED_DEVICE_FAMILY = "1,2";
				TEST_HOST = "$(BUILT_PRODUCTS_DIR)/DisabilityApp.app/$(BUNDLE_EXECUTABLE_FOLDER_PATH)/DisabilityApp";
			};
			name = Release;
		};
		72025F532D1A3653007FEFD2 /* Debug */ = {
			isa = XCBuildConfiguration;
			buildSettings = {
				CODE_SIGN_STYLE = Automatic;
				CURRENT_PROJECT_VERSION = 1;
				GENERATE_INFOPLIST_FILE = YES;
				MARKETING_VERSION = 1.0;
				PRODUCT_BUNDLE_IDENTIFIER = A.DisabilityAppUITests;
				PRODUCT_NAME = "$(TARGET_NAME)";
				SWIFT_EMIT_LOC_STRINGS = NO;
				SWIFT_VERSION = 5.0;
				TARGETED_DEVICE_FAMILY = "1,2";
				TEST_TARGET_NAME = DisabilityApp;
			};
			name = Debug;
		};
		72025F542D1A3653007FEFD2 /* Release */ = {
			isa = XCBuildConfiguration;
			buildSettings = {
				CODE_SIGN_STYLE = Automatic;
				CURRENT_PROJECT_VERSION = 1;
				GENERATE_INFOPLIST_FILE = YES;
				MARKETING_VERSION = 1.0;
				PRODUCT_BUNDLE_IDENTIFIER = A.DisabilityAppUITests;
				PRODUCT_NAME = "$(TARGET_NAME)";
				SWIFT_EMIT_LOC_STRINGS = NO;
				SWIFT_VERSION = 5.0;
				TARGETED_DEVICE_FAMILY = "1,2";
				TEST_TARGET_NAME = DisabilityApp;
			};
			name = Release;
		};
/* End XCBuildConfiguration section */

/* Begin XCConfigurationList section */
		72025F232D1A3652007FEFD2 /* Build configuration list for PBXProject "DisabilityApp" */ = {
			isa = XCConfigurationList;
			buildConfigurations = (
				72025F4A2D1A3653007FEFD2 /* Debug */,
				72025F4B2D1A3653007FEFD2 /* Release */,
			);
			defaultConfigurationIsVisible = 0;
			defaultConfigurationName = Release;
		};
		72025F4C2D1A3653007FEFD2 /* Build configuration list for PBXNativeTarget "DisabilityApp" */ = {
			isa = XCConfigurationList;
			buildConfigurations = (
				72025F4D2D1A3653007FEFD2 /* Debug */,
				72025F4E2D1A3653007FEFD2 /* Release */,
			);
			defaultConfigurationIsVisible = 0;
			defaultConfigurationName = Release;
		};
		72025F4F2D1A3653007FEFD2 /* Build configuration list for PBXNativeTarget "DisabilityAppTests" */ = {
			isa = XCConfigurationList;
			buildConfigurations = (
				72025F502D1A3653007FEFD2 /* Debug */,
				72025F512D1A3653007FEFD2 /* Release */,
			);
			defaultConfigurationIsVisible = 0;
			defaultConfigurationName = Release;
		};
		72025F522D1A3653007FEFD2 /* Build configuration list for PBXNativeTarget "DisabilityAppUITests" */ = {
			isa = XCConfigurationList;
			buildConfigurations = (
				72025F532D1A3653007FEFD2 /* Debug */,
				72025F542D1A3653007FEFD2 /* Release */,
			);
			defaultConfigurationIsVisible = 0;
			defaultConfigurationName = Release;
		};
/* End XCConfigurationList section */
	};
	rootObject = 72025F202D1A3652007FEFD2 /* Project object */;
}
